
Microsoft Visual Studio Solution File, Format Version 12.00
# Visual Studio Version 17
VisualStudioVersion = 17.12.35323.107
MinimumVisualStudioVersion = 10.0.40219.1
Project("{FAE04EC0-301F-11D3-BF4B-00C04F79EFBC}") = "01_MainSubjects", "01_MainSubjects\01_MainSubjects.csproj", "{425A9428-6030-41D4-8435-584D43AF0A2A}"
EndProject
Project("{FAE04EC0-301F-11D3-BF4B-00C04F79EFBC}") = "02_variables", "02_variables\02_variables.csproj", "{85B2C8BF-B190-456F-8716-8D7DA8DE0EE1}"
EndProject
Project("{FAE04EC0-301F-11D3-BF4B-00C04F79EFBC}") = "03_MakingDecision", "03_MakingDecision\03_MakingDecision.csproj", "{D53EADED-53DF-4020-A9D7-381C93DCB187}"
EndProject
Project("{FAE04EC0-301F-11D3-BF4B-00C04F79EFBC}") = "04_Loop", "04_Loop\04_Loop.csproj", "{C96DB006-6B09-48DB-9C79-854BE2786727}"
EndProject
Project("{FAE04EC0-301F-11D3-BF4B-00C04F79EFBC}") = "05_LoopsWithStars", "05_LoopsWithStars\05_LoopsWithStars.csproj", "{36B91F75-D44C-4776-AE8E-1A31825A5463}"
EndProject
Project("{FAE04EC0-301F-11D3-BF4B-00C04F79EFBC}") = "06_Arrays", "06_Arrays\06_Arrays.csproj", "{7881874B-8CC2-4FED-B0E2-1DF17B783D82}"
EndProject
Project("{FAE04EC0-301F-11D3-BF4B-00C04F79EFBC}") = "07_ForeachLoop", "07_ForeachLoop\07_ForeachLoop.csproj", "{83D37673-2555-4301-AF93-C1ACCA8E8FC2}"
EndProject
Global
	GlobalSection(SolutionConfigurationPlatforms) = preSolution
		Debug|Any CPU = Debug|Any CPU
		Release|Any CPU = Release|Any CPU
	EndGlobalSection
	GlobalSection(ProjectConfigurationPlatforms) = postSolution
		{425A9428-6030-41D4-8435-584D43AF0A2A}.Debug|Any CPU.ActiveCfg = Debug|Any CPU
		{425A9428-6030-41D4-8435-584D43AF0A2A}.Debug|Any CPU.Build.0 = Debug|Any CPU
		{425A9428-6030-41D4-8435-584D43AF0A2A}.Release|Any CPU.ActiveCfg = Release|Any CPU
		{425A9428-6030-41D4-8435-584D43AF0A2A}.Release|Any CPU.Build.0 = Release|Any CPU
		{85B2C8BF-B190-456F-8716-8D7DA8DE0EE1}.Debug|Any CPU.ActiveCfg = Debug|Any CPU
		{85B2C8BF-B190-456F-8716-8D7DA8DE0EE1}.Debug|Any CPU.Build.0 = Debug|Any CPU
		{85B2C8BF-B190-456F-8716-8D7DA8DE0EE1}.Release|Any CPU.ActiveCfg = Release|Any CPU
		{85B2C8BF-B190-456F-8716-8D7DA8DE0EE1}.Release|Any CPU.Build.0 = Release|Any CPU
		{D53EADED-53DF-4020-A9D7-381C93DCB187}.Debug|Any CPU.ActiveCfg = Debug|Any CPU
		{D53EADED-53DF-4020-A9D7-381C93DCB187}.Debug|Any CPU.Build.0 = Debug|Any CPU
		{D53EADED-53DF-4020-A9D7-381C93DCB187}.Release|Any CPU.ActiveCfg = Release|Any CPU
		{D53EADED-53DF-4020-A9D7-381C93DCB187}.Release|Any CPU.Build.0 = Release|Any CPU
		{C96DB006-6B09-48DB-9C79-854BE2786727}.Debug|Any CPU.ActiveCfg = Debug|Any CPU
		{C96DB006-6B09-48DB-9C79-854BE2786727}.Debug|Any CPU.Build.0 = Debug|Any CPU
		{C96DB006-6B09-48DB-9C79-854BE2786727}.Release|Any CPU.ActiveCfg = Release|Any CPU
		{C96DB006-6B09-48DB-9C79-854BE2786727}.Release|Any CPU.Build.0 = Release|Any CPU
		{36B91F75-D44C-4776-AE8E-1A31825A5463}.Debug|Any CPU.ActiveCfg = Debug|Any CPU
		{36B91F75-D44C-4776-AE8E-1A31825A5463}.Debug|Any CPU.Build.0 = Debug|Any CPU
		{36B91F75-D44C-4776-AE8E-1A31825A5463}.Release|Any CPU.ActiveCfg = Release|Any CPU
		{36B91F75-D44C-4776-AE8E-1A31825A5463}.Release|Any CPU.Build.0 = Release|Any CPU
		{7881874B-8CC2-4FED-B0E2-1DF17B783D82}.Debug|Any CPU.ActiveCfg = Debug|Any CPU
		{7881874B-8CC2-4FED-B0E2-1DF17B783D82}.Debug|Any CPU.Build.0 = Debug|Any CPU
		{7881874B-8CC2-4FED-B0E2-1DF17B783D82}.Release|Any CPU.ActiveCfg = Release|Any CPU
		{7881874B-8CC2-4FED-B0E2-1DF17B783D82}.Release|Any CPU.Build.0 = Release|Any CPU
		{83D37673-2555-4301-AF93-C1ACCA8E8FC2}.Debug|Any CPU.ActiveCfg = Debug|Any CPU
		{83D37673-2555-4301-AF93-C1ACCA8E8FC2}.Debug|Any CPU.Build.0 = Debug|Any CPU
		{83D37673-2555-4301-AF93-C1ACCA8E8FC2}.Release|Any CPU.ActiveCfg = Release|Any CPU
		{83D37673-2555-4301-AF93-C1ACCA8E8FC2}.Release|Any CPU.Build.0 = Release|Any CPU
	EndGlobalSection
	GlobalSection(SolutionProperties) = preSolution
		HideSolutionNode = FALSE
	EndGlobalSection
	GlobalSection(ExtensibilityGlobals) = postSolution
		SolutionGuid = {2A830DFD-3746-4421-B643-A0D7AD784279}
	EndGlobalSection
EndGlobal
